
Microsoft Visual Studio Solution File, Format Version 12.00
# Visual Studio Version 17
VisualStudioVersion = 17.12.35707.178
MinimumVisualStudioVersion = 10.0.40219.1
Project("{2150E333-8FDC-42A3-9474-1A3956D46DE8}") = "src", "src", "{9B55BC3B-7E6B-466C-86C9-BDF705B3D8B1}"
EndProject
Project("{FAE04EC0-301F-11D3-BF4B-00C04F79EFBC}") = "WKeeper.Core", "src\WKeeper.Core\WKeeper.Core.csproj", "{6786CBF9-A27C-4E5B-BBB7-D768A43F797B}"
EndProject
Project("{FAE04EC0-301F-11D3-BF4B-00C04F79EFBC}") = "WKeeper.Web", "src\WKeeper.Web\WKeeper.Web.csproj", "{81B2267E-4A16-4ECA-8CFF-9833A7495D9B}"
EndProject
Project("{FAE04EC0-301F-11D3-BF4B-00C04F79EFBC}") = "WKeeper.Data", "src\WKeeper.Data\WKeeper.Data.csproj", "{AA839631-4A0C-4547-B20A-ACD39C53CB17}"
EndProject
Project("{2150E333-8FDC-42A3-9474-1A3956D46DE8}") = "Shared", "Shared", "{02EA681E-C7D8-13C7-8484-4AC65E1B71E8}"
EndProject
Project("{FAE04EC0-301F-11D3-BF4B-00C04F79EFBC}") = "RulerHub.Razor", "..\RulerHub.org\shared\RulerHub.Razor\RulerHub.Razor.csproj", "{CEB35236-566E-ABC2-40A3-A76A91FB1181}"
EndProject
Project("{FAE04EC0-301F-11D3-BF4B-00C04F79EFBC}") = "RulerHub.Shared", "..\RulerHub.org\shared\RulerHub.Shared\RulerHub.Shared.csproj", "{5335A04D-1EB1-E6F2-2095-72203C07DB6A}"
EndProject
Project("{2150E333-8FDC-42A3-9474-1A3956D46DE8}") = "test", "test", "{F2223904-C2E6-4290-A84E-B312BA7B2F81}"
EndProject
Global
	GlobalSection(SolutionConfigurationPlatforms) = preSolution
		Debug|Any CPU = Debug|Any CPU
		Release|Any CPU = Release|Any CPU
	EndGlobalSection
	GlobalSection(ProjectConfigurationPlatforms) = postSolution
		{6786CBF9-A27C-4E5B-BBB7-D768A43F797B}.Debug|Any CPU.ActiveCfg = Debug|Any CPU
		{6786CBF9-A27C-4E5B-BBB7-D768A43F797B}.Debug|Any CPU.Build.0 = Debug|Any CPU
		{6786CBF9-A27C-4E5B-BBB7-D768A43F797B}.Release|Any CPU.ActiveCfg = Release|Any CPU
		{6786CBF9-A27C-4E5B-BBB7-D768A43F797B}.Release|Any CPU.Build.0 = Release|Any CPU
		{81B2267E-4A16-4ECA-8CFF-9833A7495D9B}.Debug|Any CPU.ActiveCfg = Debug|Any CPU
		{81B2267E-4A16-4ECA-8CFF-9833A7495D9B}.Debug|Any CPU.Build.0 = Debug|Any CPU
		{81B2267E-4A16-4ECA-8CFF-9833A7495D9B}.Release|Any CPU.ActiveCfg = Release|Any CPU
		{81B2267E-4A16-4ECA-8CFF-9833A7495D9B}.Release|Any CPU.Build.0 = Release|Any CPU
		{AA839631-4A0C-4547-B20A-ACD39C53CB17}.Debug|Any CPU.ActiveCfg = Debug|Any CPU
		{AA839631-4A0C-4547-B20A-ACD39C53CB17}.Debug|Any CPU.Build.0 = Debug|Any CPU
		{AA839631-4A0C-4547-B20A-ACD39C53CB17}.Release|Any CPU.ActiveCfg = Release|Any CPU
		{AA839631-4A0C-4547-B20A-ACD39C53CB17}.Release|Any CPU.Build.0 = Release|Any CPU
		{CEB35236-566E-ABC2-40A3-A76A91FB1181}.Debug|Any CPU.ActiveCfg = Debug|Any CPU
		{CEB35236-566E-ABC2-40A3-A76A91FB1181}.Debug|Any CPU.Build.0 = Debug|Any CPU
		{CEB35236-566E-ABC2-40A3-A76A91FB1181}.Release|Any CPU.ActiveCfg = Release|Any CPU
		{CEB35236-566E-ABC2-40A3-A76A91FB1181}.Release|Any CPU.Build.0 = Release|Any CPU
		{5335A04D-1EB1-E6F2-2095-72203C07DB6A}.Debug|Any CPU.ActiveCfg = Debug|Any CPU
		{5335A04D-1EB1-E6F2-2095-72203C07DB6A}.Debug|Any CPU.Build.0 = Debug|Any CPU
		{5335A04D-1EB1-E6F2-2095-72203C07DB6A}.Release|Any CPU.ActiveCfg = Release|Any CPU
		{5335A04D-1EB1-E6F2-2095-72203C07DB6A}.Release|Any CPU.Build.0 = Release|Any CPU
	EndGlobalSection
	GlobalSection(SolutionProperties) = preSolution
		HideSolutionNode = FALSE
	EndGlobalSection
	GlobalSection(NestedProjects) = preSolution
		{6786CBF9-A27C-4E5B-BBB7-D768A43F797B} = {9B55BC3B-7E6B-466C-86C9-BDF705B3D8B1}
		{81B2267E-4A16-4ECA-8CFF-9833A7495D9B} = {9B55BC3B-7E6B-466C-86C9-BDF705B3D8B1}
		{AA839631-4A0C-4547-B20A-ACD39C53CB17} = {9B55BC3B-7E6B-466C-86C9-BDF705B3D8B1}
		{CEB35236-566E-ABC2-40A3-A76A91FB1181} = {02EA681E-C7D8-13C7-8484-4AC65E1B71E8}
		{5335A04D-1EB1-E6F2-2095-72203C07DB6A} = {02EA681E-C7D8-13C7-8484-4AC65E1B71E8}
	EndGlobalSection
	GlobalSection(ExtensibilityGlobals) = postSolution
		SolutionGuid = {1CC3CF95-8B77-4A29-B05F-90D9B6FB0889}
	EndGlobalSection
EndGlobal
